
Microsoft Visual Studio Solution File, Format Version 12.00
Project("{FAE04EC0-301F-11D3-BF4B-00C04F79EFBC}") = "IQuotes", "IQuotes\IQuotes.csproj", "{4CD653F1-0B1E-42F5-8929-FA7E4ED7CF2F}"
EndProject
Project("{FAE04EC0-301F-11D3-BF4B-00C04F79EFBC}") = "UnitTests", "UnitTests\UnitTests.csproj", "{370547D1-5F8E-41B6-A71B-759B60D982E8}"
EndProject
Project("{FAE04EC0-301F-11D3-BF4B-00C04F79EFBC}") = "IntegrationTests.Test", "IntegrationTests.Test\IntegrationTests.Test.csproj", "{41F57607-4205-4A47-93DC-3E267FF189AF}"
EndProject
Project("{FAE04EC0-301F-11D3-BF4B-00C04F79EFBC}") = "StressTest", "StressTest\StressTest.csproj", "{73CE4266-6514-44B3-BDBD-2EF4CAC0E9FD}"
EndProject
Global
	GlobalSection(SolutionConfigurationPlatforms) = preSolution
		Debug|Any CPU = Debug|Any CPU
		Release|Any CPU = Release|Any CPU
	EndGlobalSection
	GlobalSection(ProjectConfigurationPlatforms) = postSolution
		{4CD653F1-0B1E-42F5-8929-FA7E4ED7CF2F}.Debug|Any CPU.ActiveCfg = Debug|Any CPU
		{4CD653F1-0B1E-42F5-8929-FA7E4ED7CF2F}.Debug|Any CPU.Build.0 = Debug|Any CPU
		{4CD653F1-0B1E-42F5-8929-FA7E4ED7CF2F}.Release|Any CPU.ActiveCfg = Release|Any CPU
		{4CD653F1-0B1E-42F5-8929-FA7E4ED7CF2F}.Release|Any CPU.Build.0 = Release|Any CPU
		{370547D1-5F8E-41B6-A71B-759B60D982E8}.Debug|Any CPU.ActiveCfg = Debug|Any CPU
		{370547D1-5F8E-41B6-A71B-759B60D982E8}.Debug|Any CPU.Build.0 = Debug|Any CPU
		{370547D1-5F8E-41B6-A71B-759B60D982E8}.Release|Any CPU.ActiveCfg = Release|Any CPU
		{370547D1-5F8E-41B6-A71B-759B60D982E8}.Release|Any CPU.Build.0 = Release|Any CPU
		{41F57607-4205-4A47-93DC-3E267FF189AF}.Debug|Any CPU.ActiveCfg = Debug|Any CPU
		{41F57607-4205-4A47-93DC-3E267FF189AF}.Debug|Any CPU.Build.0 = Debug|Any CPU
		{41F57607-4205-4A47-93DC-3E267FF189AF}.Release|Any CPU.ActiveCfg = Release|Any CPU
		{41F57607-4205-4A47-93DC-3E267FF189AF}.Release|Any CPU.Build.0 = Release|Any CPU
		{73CE4266-6514-44B3-BDBD-2EF4CAC0E9FD}.Debug|Any CPU.ActiveCfg = Debug|Any CPU
		{73CE4266-6514-44B3-BDBD-2EF4CAC0E9FD}.Debug|Any CPU.Build.0 = Debug|Any CPU
		{73CE4266-6514-44B3-BDBD-2EF4CAC0E9FD}.Release|Any CPU.ActiveCfg = Release|Any CPU
		{73CE4266-6514-44B3-BDBD-2EF4CAC0E9FD}.Release|Any CPU.Build.0 = Release|Any CPU
	EndGlobalSection
EndGlobal
